# This file is generated by running "yarn install" inside your project.
# Manual changes might be lost - proceed with caution!

__metadata:
  version: 8
  cacheKey: 10c0

"@alsoasked/harfbuzz-modern-wrapper@workspace:.":
  version: 0.0.0-use.local
  resolution: "@alsoasked/harfbuzz-modern-wrapper@workspace:."
  dependencies:
    "@alsoasked/harfbuzzjs": "npm:^0.3.7"
    bidi-js: "npm:^1.0.3"
    typescript: "npm:^5.4.2"
  languageName: unknown
  linkType: soft

"@alsoasked/harfbuzzjs@npm:^0.3.7":
  version: 0.3.7
  resolution: "@alsoasked/harfbuzzjs@npm:0.3.7"
  checksum: 10c0/994f52a5e92d9663ec7ac7d75a92c1abdf0e28f79fe7331871d1be89ccb085b70baa2767daa5e77d5c03229206c19f2351b71fccbb8912db741453f341f6a282
  languageName: node
  linkType: hard

"bidi-js@npm:^1.0.3":
  version: 1.0.3
  resolution: "bidi-js@npm:1.0.3"
  dependencies:
    require-from-string: "npm:^2.0.2"
  checksum: 10c0/fdddea4aa4120a34285486f2267526cd9298b6e8b773ad25e765d4f104b6d7437ab4ba542e6939e3ac834a7570bcf121ee2cf6d3ae7cd7082c4b5bedc8f271e1
  languageName: node
  linkType: hard

"require-from-string@npm:^2.0.2":
  version: 2.0.2
  resolution: "require-from-string@npm:2.0.2"
  checksum: 10c0/aaa267e0c5b022fc5fd4eef49d8285086b15f2a1c54b28240fdf03599cbd9c26049fee3eab894f2e1f6ca65e513b030a7c264201e3f005601e80c49fb2937ce2
  languageName: node
  linkType: hard

"typescript@npm:^5.4.2":
  version: 5.4.2
  resolution: "typescript@npm:5.4.2"
  bin:
    tsc: bin/tsc
    tsserver: bin/tsserver
  checksum: 10c0/583ff68cafb0c076695f72d61df6feee71689568179fb0d3a4834dac343df6b6ed7cf7b6f6c801fa52d43cd1d324e2f2d8ae4497b09f9e6cfe3d80a6d6c9ca52
  languageName: node
  linkType: hard

"typescript@patch:typescript@npm%3A^5.4.2#optional!builtin<compat/typescript>":
  version: 5.4.2
  resolution: "typescript@patch:typescript@npm%3A5.4.2#optional!builtin<compat/typescript>::version=5.4.2&hash=d69c25"
  bin:
    tsc: bin/tsc
    tsserver: bin/tsserver
  checksum: 10c0/22e2f213c3ffe5960c5eaec6c95c04e01858fed57a94be250746f540b935b2c18c3c3fc80d3ab65d28c0aba1eb76284557ba3bf521d28caee811c44ba2b648f9
  languageName: node
  linkType: hard
