# This file is generated by running "yarn install" inside your project.
# Manual changes might be lost - proceed with caution!

__metadata:
  version: 8
  cacheKey: 10c0

"@alsoasked/harfbuzz-modern-wrapper@workspace:.":
  version: 0.0.0-use.local
  resolution: "@alsoasked/harfbuzz-modern-wrapper@workspace:."
  dependencies:
    "@alsoasked/harfbuzzjs": "npm:^0.3.8"
    bidi-js: "npm:^1.0.3"
    typescript: "npm:^5.4.3"
  languageName: unknown
  linkType: soft

"@alsoasked/harfbuzzjs@npm:^0.3.8":
  version: 0.3.8
  resolution: "@alsoasked/harfbuzzjs@npm:0.3.8"
  checksum: 10c0/7843371e41ec3a910ca4afcd99f7a706ebab0e66122ee73d456d7112a7f2b86b93574802e509fff866ba639f2103a0d563bd635efec2f931681ec527bf44121b
  languageName: node
  linkType: hard

"bidi-js@npm:^1.0.3":
  version: 1.0.3
  resolution: "bidi-js@npm:1.0.3"
  dependencies:
    require-from-string: "npm:^2.0.2"
  checksum: 10c0/fdddea4aa4120a34285486f2267526cd9298b6e8b773ad25e765d4f104b6d7437ab4ba542e6939e3ac834a7570bcf121ee2cf6d3ae7cd7082c4b5bedc8f271e1
  languageName: node
  linkType: hard

"require-from-string@npm:^2.0.2":
  version: 2.0.2
  resolution: "require-from-string@npm:2.0.2"
  checksum: 10c0/aaa267e0c5b022fc5fd4eef49d8285086b15f2a1c54b28240fdf03599cbd9c26049fee3eab894f2e1f6ca65e513b030a7c264201e3f005601e80c49fb2937ce2
  languageName: node
  linkType: hard

"typescript@npm:^5.4.3":
  version: 5.4.3
  resolution: "typescript@npm:5.4.3"
  bin:
    tsc: bin/tsc
    tsserver: bin/tsserver
  checksum: 10c0/22443a8760c3668e256c0b34b6b45c359ef6cecc10c42558806177a7d500ab1a7d7aac1f976d712e26989ddf6731d2fbdd3212b7c73290a45127c1c43ba2005a
  languageName: node
  linkType: hard

"typescript@patch:typescript@npm%3A^5.4.3#optional!builtin<compat/typescript>":
  version: 5.4.3
  resolution: "typescript@patch:typescript@npm%3A5.4.3#optional!builtin<compat/typescript>::version=5.4.3&hash=d69c25"
  bin:
    tsc: bin/tsc
    tsserver: bin/tsserver
  checksum: 10c0/1b50712759f1e4bf4bf6fe7e662235358b716972dec8aa9ca117dee531dbd7b417f5fe28f74d347b4447eec09a200c0372fe9cf1aad2e15a2bcf4a1a99db0820
  languageName: node
  linkType: hard
